// !$*UTF8*$!
{
	archiveVersion = 1;
	classes = {
	};
	objectVersion = 46;
	objects = {

/* Begin PBXBuildFile section */
		514AB1771A0A67D60030B06A /* Foundation.framework in Frameworks */ = {isa = PBXBuildFile; fileRef = 514AB1761A0A67D60030B06A /* Foundation.framework */; };
		514AB1791A0A67D60030B06A /* CoreGraphics.framework in Frameworks */ = {isa = PBXBuildFile; fileRef = 514AB1781A0A67D60030B06A /* CoreGraphics.framework */; };
		514AB17B1A0A67D60030B06A /* UIKit.framework in Frameworks */ = {isa = PBXBuildFile; fileRef = 514AB17A1A0A67D60030B06A /* UIKit.framework */; };
		514AB1811A0A67D60030B06A /* InfoPlist.strings in Resources */ = {isa = PBXBuildFile; fileRef = 514AB17F1A0A67D60030B06A /* InfoPlist.strings */; };
		514AB1831A0A67D60030B06A /* main.m in Sources */ = {isa = PBXBuildFile; fileRef = 514AB1821A0A67D60030B06A /* main.m */; };
		514AB1871A0A67D60030B06A /* AppDelegate.m in Sources */ = {isa = PBXBuildFile; fileRef = 514AB1861A0A67D60030B06A /* AppDelegate.m */; };
		514AB18A1A0A67D60030B06A /* Main.storyboard in Resources */ = {isa = PBXBuildFile; fileRef = 514AB1881A0A67D60030B06A /* Main.storyboard */; };
		514AB18D1A0A67D60030B06A /* ViewController.m in Sources */ = {isa = PBXBuildFile; fileRef = 514AB18C1A0A67D60030B06A /* ViewController.m */; };
		514AB18F1A0A67D60030B06A /* Images.xcassets in Resources */ = {isa = PBXBuildFile; fileRef = 514AB18E1A0A67D60030B06A /* Images.xcassets */; };
		514AB1961A0A67D60030B06A /* XCTest.framework in Frameworks */ = {isa = PBXBuildFile; fileRef = 514AB1951A0A67D60030B06A /* XCTest.framework */; };
		514AB1971A0A67D60030B06A /* Foundation.framework in Frameworks */ = {isa = PBXBuildFile; fileRef = 514AB1761A0A67D60030B06A /* Foundation.framework */; };
		514AB1981A0A67D60030B06A /* UIKit.framework in Frameworks */ = {isa = PBXBuildFile; fileRef = 514AB17A1A0A67D60030B06A /* UIKit.framework */; };
		514AB1A01A0A67D60030B06A /* InfoPlist.strings in Resources */ = {isa = PBXBuildFile; fileRef = 514AB19E1A0A67D60030B06A /* InfoPlist.strings */; };
		514AB1A21A0A67D60030B06A /* mySecondTestTests.m in Sources */ = {isa = PBXBuildFile; fileRef = 514AB1A11A0A67D60030B06A /* mySecondTestTests.m */; };
/* End PBXBuildFile section */

/* Begin PBXContainerItemProxy section */
		514AB1991A0A67D60030B06A /* PBXContainerItemProxy */ = {
			isa = PBXContainerItemProxy;
			containerPortal = 514AB16B1A0A67D60030B06A /* Project object */;
			proxyType = 1;
			remoteGlobalIDString = 514AB1721A0A67D60030B06A;
			remoteInfo = mySecondTest;
		};
/* End PBXContainerItemProxy section */

/* Begin PBXFileReference section */
		514AB1731A0A67D60030B06A /* mySecondTest.app */ = {isa = PBXFileReference; explicitFileType = wrapper.application; includeInIndex = 0; path = mySecondTest.app; sourceTree = BUILT_PRODUCTS_DIR; };
		514AB1761A0A67D60030B06A /* Foundation.framework */ = {isa = PBXFileReference; lastKnownFileType = wrapper.framework; name = Foundation.framework; path = System/Library/Frameworks/Foundation.framework; sourceTree = SDKROOT; };
		514AB1781A0A67D60030B06A /* CoreGraphics.framework */ = {isa = PBXFileReference; lastKnownFileType = wrapper.framework; name = CoreGraphics.framework; path = System/Library/Frameworks/CoreGraphics.framework; sourceTree = SDKROOT; };
		514AB17A1A0A67D60030B06A /* UIKit.framework */ = {isa = PBXFileReference; lastKnownFileType = wrapper.framework; name = UIKit.framework; path = System/Library/Frameworks/UIKit.framework; sourceTree = SDKROOT; };
		514AB17E1A0A67D60030B06A /* mySecondTest-Info.plist */ = {isa = PBXFileReference; lastKnownFileType = text.plist.xml; path = "mySecondTest-Info.plist"; sourceTree = "<group>"; };
		514AB1801A0A67D60030B06A /* en */ = {isa = PBXFileReference; lastKnownFileType = text.plist.strings; name = en; path = en.lproj/InfoPlist.strings; sourceTree = "<group>"; };
		514AB1821A0A67D60030B06A /* main.m */ = {isa = PBXFileReference; lastKnownFileType = sourcecode.c.objc; path = main.m; sourceTree = "<group>"; };
		514AB1841A0A67D60030B06A /* mySecondTest-Prefix.pch */ = {isa = PBXFileReference; lastKnownFileType = sourcecode.c.h; path = "mySecondTest-Prefix.pch"; sourceTree = "<group>"; };
		514AB1851A0A67D60030B06A /* AppDelegate.h */ = {isa = PBXFileReference; lastKnownFileType = sourcecode.c.h; path = AppDelegate.h; sourceTree = "<group>"; };
		514AB1861A0A67D60030B06A /* AppDelegate.m */ = {isa = PBXFileReference; lastKnownFileType = sourcecode.c.objc; path = AppDelegate.m; sourceTree = "<group>"; };
		514AB1891A0A67D60030B06A /* Base */ = {isa = PBXFileReference; lastKnownFileType = file.storyboard; name = Base; path = Base.lproj/Main.storyboard; sourceTree = "<group>"; };
		514AB18B1A0A67D60030B06A /* ViewController.h */ = {isa = PBXFileReference; lastKnownFileType = sourcecode.c.h; path = ViewController.h; sourceTree = "<group>"; };
		514AB18C1A0A67D60030B06A /* ViewController.m */ = {isa = PBXFileReference; lastKnownFileType = sourcecode.c.objc; path = ViewController.m; sourceTree = "<group>"; };
		514AB18E1A0A67D60030B06A /* Images.xcassets */ = {isa = PBXFileReference; lastKnownFileType = folder.assetcatalog; path = Images.xcassets; sourceTree = "<group>"; };
		514AB1941A0A67D60030B06A /* mySecondTestTests.xctest */ = {isa = PBXFileReference; explicitFileType = wrapper.cfbundle; includeInIndex = 0; path = mySecondTestTests.xctest; sourceTree = BUILT_PRODUCTS_DIR; };
		514AB1951A0A67D60030B06A /* XCTest.framework */ = {isa = PBXFileReference; lastKnownFileType = wrapper.framework; name = XCTest.framework; path = Library/Frameworks/XCTest.framework; sourceTree = DEVELOPER_DIR; };
		514AB19D1A0A67D60030B06A /* mySecondTestTests-Info.plist */ = {isa = PBXFileReference; lastKnownFileType = text.plist.xml; path = "mySecondTestTests-Info.plist"; sourceTree = "<group>"; };
		514AB19F1A0A67D60030B06A /* en */ = {isa = PBXFileReference; lastKnownFileType = text.plist.strings; name = en; path = en.lproj/InfoPlist.strings; sourceTree = "<group>"; };
		514AB1A11A0A67D60030B06A /* mySecondTestTests.m */ = {isa = PBXFileReference; lastKnownFileType = sourcecode.c.objc; path = mySecondTestTests.m; sourceTree = "<group>"; };
/* End PBXFileReference section */

/* Begin PBXFrameworksBuildPhase section */
		514AB1701A0A67D60030B06A /* Frameworks */ = {
			isa = PBXFrameworksBuildPhase;
			buildActionMask = 2147483647;
			files = (
				514AB1791A0A67D60030B06A /* CoreGraphics.framework in Frameworks */,
				514AB17B1A0A67D60030B06A /* UIKit.framework in Frameworks */,
				514AB1771A0A67D60030B06A /* Foundation.framework in Frameworks */,
			);
			runOnlyForDeploymentPostprocessing = 0;
		};
		514AB1911A0A67D60030B06A /* Frameworks */ = {
			isa = PBXFrameworksBuildPhase;
			buildActionMask = 2147483647;
			files = (
				514AB1961A0A67D60030B06A /* XCTest.framework in Frameworks */,
				514AB1981A0A67D60030B06A /* UIKit.framework in Frameworks */,
				514AB1971A0A67D60030B06A /* Foundation.framework in Frameworks */,
			);
			runOnlyForDeploymentPostprocessing = 0;
		};
/* End PBXFrameworksBuildPhase section */

/* Begin PBXGroup section */
		514AB16A1A0A67D60030B06A = {
			isa = PBXGroup;
			children = (
				514AB17C1A0A67D60030B06A /* mySecondTest */,
				514AB19B1A0A67D60030B06A /* mySecondTestTests */,
				514AB1751A0A67D60030B06A /* Frameworks */,
				514AB1741A0A67D60030B06A /* Products */,
			);
			sourceTree = "<group>";
		};
		514AB1741A0A67D60030B06A /* Products */ = {
			isa = PBXGroup;
			children = (
				514AB1731A0A67D60030B06A /* mySecondTest.app */,
				514AB1941A0A67D60030B06A /* mySecondTestTests.xctest */,
			);
			name = Products;
			sourceTree = "<group>";
		};
		514AB1751A0A67D60030B06A /* Frameworks */ = {
			isa = PBXGroup;
			children = (
				514AB1761A0A67D60030B06A /* Foundation.framework */,
				514AB1781A0A67D60030B06A /* CoreGraphics.framework */,
				514AB17A1A0A67D60030B06A /* UIKit.framework */,
				514AB1951A0A67D60030B06A /* XCTest.framework */,
			);
			name = Frameworks;
			sourceTree = "<group>";
		};
		514AB17C1A0A67D60030B06A /* mySecondTest */ = {
			isa = PBXGroup;
			children = (
				514AB1851A0A67D60030B06A /* AppDelegate.h */,
				514AB1861A0A67D60030B06A /* AppDelegate.m */,
				514AB1881A0A67D60030B06A /* Main.storyboard */,
				514AB18B1A0A67D60030B06A /* ViewController.h */,
				514AB18C1A0A67D60030B06A /* ViewController.m */,
				514AB18E1A0A67D60030B06A /* Images.xcassets */,
				514AB17D1A0A67D60030B06A /* Supporting Files */,
			);
			path = mySecondTest;
			sourceTree = "<group>";
		};
		514AB17D1A0A67D60030B06A /* Supporting Files */ = {
			isa = PBXGroup;
			children = (
				514AB17E1A0A67D60030B06A /* mySecondTest-Info.plist */,
				514AB17F1A0A67D60030B06A /* InfoPlist.strings */,
				514AB1821A0A67D60030B06A /* main.m */,
				514AB1841A0A67D60030B06A /* mySecondTest-Prefix.pch */,
			);
			name = "Supporting Files";
			sourceTree = "<group>";
		};
		514AB19B1A0A67D60030B06A /* mySecondTestTests */ = {
			isa = PBXGroup;
			children = (
				514AB1A11A0A67D60030B06A /* mySecondTestTests.m */,
				514AB19C1A0A67D60030B06A /* Supporting Files */,
			);
			path = mySecondTestTests;
			sourceTree = "<group>";
		};
		514AB19C1A0A67D60030B06A /* Supporting Files */ = {
			isa = PBXGroup;
			children = (
				514AB19D1A0A67D60030B06A /* mySecondTestTests-Info.plist */,
				514AB19E1A0A67D60030B06A /* InfoPlist.strings */,
			);
			name = "Supporting Files";
			sourceTree = "<group>";
		};
/* End PBXGroup section */

/* Begin PBXNativeTarget section */
		514AB1721A0A67D60030B06A /* mySecondTest */ = {
			isa = PBXNativeTarget;
			buildConfigurationList = 514AB1A51A0A67D60030B06A /* Build configuration list for PBXNativeTarget "mySecondTest" */;
			buildPhases = (
				514AB16F1A0A67D60030B06A /* Sources */,
				514AB1701A0A67D60030B06A /* Frameworks */,
				514AB1711A0A67D60030B06A /* Resources */,
			);
			buildRules = (
			);
			dependencies = (
			);
			name = mySecondTest;
			productName = mySecondTest;
			productReference = 514AB1731A0A67D60030B06A /* mySecondTest.app */;
			productType = "com.apple.product-type.application";
		};
		514AB1931A0A67D60030B06A /* mySecondTestTests */ = {
			isa = PBXNativeTarget;
			buildConfigurationList = 514AB1A81A0A67D60030B06A /* Build configuration list for PBXNativeTarget "mySecondTestTests" */;
			buildPhases = (
				514AB1901A0A67D60030B06A /* Sources */,
				514AB1911A0A67D60030B06A /* Frameworks */,
				514AB1921A0A67D60030B06A /* Resources */,
			);
			buildRules = (
			);
			dependencies = (
				514AB19A1A0A67D60030B06A /* PBXTargetDependency */,
			);
			name = mySecondTestTests;
			productName = mySecondTestTests;
			productReference = 514AB1941A0A67D60030B06A /* mySecondTestTests.xctest */;
			productType = "com.apple.product-type.bundle.unit-test";
		};
/* End PBXNativeTarget section */

/* Begin PBXProject section */
		514AB16B1A0A67D60030B06A /* Project object */ = {
			isa = PBXProject;
			attributes = {
				LastUpgradeCheck = 0510;
				ORGANIZATIONNAME = Apress;
				TargetAttributes = {
					514AB1931A0A67D60030B06A = {
						TestTargetID = 514AB1721A0A67D60030B06A;
					};
				};
			};
			buildConfigurationList = 514AB16E1A0A67D60030B06A /* Build configuration list for PBXProject "mySecondTest" */;
			compatibilityVersion = "Xcode 3.2";
			developmentRegion = English;
			hasScannedForEncodings = 0;
			knownRegions = (
				en,
				Base,
			);
			mainGroup = 514AB16A1A0A67D60030B06A;
			productRefGroup = 514AB1741A0A67D60030B06A /* Products */;
			projectDirPath = "";
			projectRoot = "";
			targets = (
				514AB1721A0A67D60030B06A /* mySecondTest */,
				514AB1931A0A67D60030B06A /* mySecondTestTests */,
			);
		};
/* End PBXProject section */

/* Begin PBXResourcesBuildPhase section */
		514AB1711A0A67D60030B06A /* Resources */ = {
			isa = PBXResourcesBuildPhase;
			buildActionMask = 2147483647;
			files = (
				514AB18F1A0A67D60030B06A /* Images.xcassets in Resources */,
				514AB1811A0A67D60030B06A /* InfoPlist.strings in Resources */,
				514AB18A1A0A67D60030B06A /* Main.storyboard in Resources */,
			);
			runOnlyForDeploymentPostprocessing = 0;
		};
		514AB1921A0A67D60030B06A /* Resources */ = {
			isa = PBXResourcesBuildPhase;
			buildActionMask = 2147483647;
			files = (
				514AB1A01A0A67D60030B06A /* InfoPlist.strings in Resources */,
			);
			runOnlyForDeploymentPostprocessing = 0;
		};
/* End PBXResourcesBuildPhase section */

/* Begin PBXSourcesBuildPhase section */
		514AB16F1A0A67D60030B06A /* Sources */ = {
			isa = PBXSourcesBuildPhase;
			buildActionMask = 2147483647;
			files = (
				514AB18D1A0A67D60030B06A /* ViewController.m in Sources */,
				514AB1871A0A67D60030B06A /* AppDelegate.m in Sources */,
				514AB1831A0A67D60030B06A /* main.m in Sources */,
			);
			runOnlyForDeploymentPostprocessing = 0;
		};
		514AB1901A0A67D60030B06A /* Sources */ = {
			isa = PBXSourcesBuildPhase;
			buildActionMask = 2147483647;
			files = (
				514AB1A21A0A67D60030B06A /* mySecondTestTests.m in Sources */,
			);
			runOnlyForDeploymentPostprocessing = 0;
		};
/* End PBXSourcesBuildPhase section */

/* Begin PBXTargetDependency section */
		514AB19A1A0A67D60030B06A /* PBXTargetDependency */ = {
			isa = PBXTargetDependency;
			target = 514AB1721A0A67D60030B06A /* mySecondTest */;
			targetProxy = 514AB1991A0A67D60030B06A /* PBXContainerItemProxy */;
		};
/* End PBXTargetDependency section */

/* Begin PBXVariantGroup section */
		514AB17F1A0A67D60030B06A /* InfoPlist.strings */ = {
			isa = PBXVariantGroup;
			children = (
				514AB1801A0A67D60030B06A /* en */,
			);
			name = InfoPlist.strings;
			sourceTree = "<group>";
		};
		514AB1881A0A67D60030B06A /* Main.storyboard */ = {
			isa = PBXVariantGroup;
			children = (
				514AB1891A0A67D60030B06A /* Base */,
			);
			name = Main.storyboard;
			sourceTree = "<group>";
		};
		514AB19E1A0A67D60030B06A /* InfoPlist.strings */ = {
			isa = PBXVariantGroup;
			children = (
				514AB19F1A0A67D60030B06A /* en */,
			);
			name = InfoPlist.strings;
			sourceTree = "<group>";
		};
/* End PBXVariantGroup section */

/* Begin XCBuildConfiguration section */
		514AB1A31A0A67D60030B06A /* Debug */ = {
			isa = XCBuildConfiguration;
			buildSettings = {
				ALWAYS_SEARCH_USER_PATHS = NO;
				CLANG_CXX_LANGUAGE_STANDARD = "gnu++0x";
				CLANG_CXX_LIBRARY = "libc++";
				CLANG_ENABLE_MODULES = YES;
				CLANG_ENABLE_OBJC_ARC = YES;
				CLANG_WARN_BOOL_CONVERSION = YES;
				CLANG_WARN_CONSTANT_CONVERSION = YES;
				CLANG_WARN_DIRECT_OBJC_ISA_USAGE = YES_ERROR;
				CLANG_WARN_EMPTY_BODY = YES;
				CLANG_WARN_ENUM_CONVERSION = YES;
				CLANG_WARN_INT_CONVERSION = YES;
				CLANG_WARN_OBJC_ROOT_CLASS = YES_ERROR;
				CLANG_WARN__DUPLICATE_METHOD_MATCH = YES;
				"CODE_SIGN_IDENTITY[sdk=iphoneos*]" = "iPhone Developer";
				COPY_PHASE_STRIP = NO;
				GCC_C_LANGUAGE_STANDARD = gnu99;
				GCC_DYNAMIC_NO_PIC = NO;
				GCC_OPTIMIZATION_LEVEL = 0;
				GCC_PREPROCESSOR_DEFINITIONS = (
					"DEBUG=1",
					"$(inherited)",
				);
				GCC_SYMBOLS_PRIVATE_EXTERN = NO;
				GCC_WARN_64_TO_32_BIT_CONVERSION = YES;
				GCC_WARN_ABOUT_RETURN_TYPE = YES_ERROR;
				GCC_WARN_UNDECLARED_SELECTOR = YES;
				GCC_WARN_UNINITIALIZED_AUTOS = YES_AGGRESSIVE;
				GCC_WARN_UNUSED_FUNCTION = YES;
				GCC_WARN_UNUSED_VARIABLE = YES;
				IPHONEOS_DEPLOYMENT_TARGET = 7.1;
				ONLY_ACTIVE_ARCH = YES;
				SDKROOT = iphoneos;
				TARGETED_DEVICE_FAMILY = 2;
			};
			name = Debug;
		};
		514AB1A41A0A67D60030B06A /* Release */ = {
			isa = XCBuildConfiguration;
			buildSettings = {
				ALWAYS_SEARCH_USER_PATHS = NO;
				CLANG_CXX_LANGUAGE_STANDARD = "gnu++0x";
				CLANG_CXX_LIBRARY = "libc++";
				CLANG_ENABLE_MODULES = YES;
				CLANG_ENABLE_OBJC_ARC = YES;
				CLANG_WARN_BOOL_CONVERSION = YES;
				CLANG_WARN_CONSTANT_CONVERSION = YES;
				CLANG_WARN_DIRECT_OBJC_ISA_USAGE = YES_ERROR;
				CLANG_WARN_EMPTY_BODY = YES;
				CLANG_WARN_ENUM_CONVERSION = YES;
				CLANG_WARN_INT_CONVERSION = YES;
				CLANG_WARN_OBJC_ROOT_CLASS = YES_ERROR;
				CLANG_WARN__DUPLICATE_METHOD_MATCH = YES;
				"CODE_SIGN_IDENTITY[sdk=iphoneos*]" = "iPhone Developer";
				COPY_PHASE_STRIP = YES;
				ENABLE_NS_ASSERTIONS = NO;
				GCC_C_LANGUAGE_STANDARD = gnu99;
				GCC_WARN_64_TO_32_BIT_CONVERSION = YES;
				GCC_WARN_ABOUT_RETURN_TYPE = YES_ERROR;
				GCC_WARN_UNDECLARED_SELECTOR = YES;
				GCC_WARN_UNINITIALIZED_AUTOS = YES_AGGRESSIVE;
				GCC_WARN_UNUSED_FUNCTION = YES;
				GCC_WARN_UNUSED_VARIABLE = YES;
				IPHONEOS_DEPLOYMENT_TARGET = 7.1;
				SDKROOT = iphoneos;
				TARGETED_DEVICE_FAMILY = 2;
				VALIDATE_PRODUCT = YES;
			};
			name = Release;
		};
		514AB1A61A0A67D60030B06A /* Debug */ = {
			isa = XCBuildConfiguration;
			buildSettings = {
				ASSETCATALOG_COMPILER_APPICON_NAME = AppIcon;
				ASSETCATALOG_COMPILER_LAUNCHIMAGE_NAME = LaunchImage;
				GCC_PRECOMPILE_PREFIX_HEADER = YES;
				GCC_PREFIX_HEADER = "mySecondTest/mySecondTest-Prefix.pch";
				INFOPLIST_FILE = "mySecondTest/mySecondTest-Info.plist";
				PRODUCT_NAME = "$(TARGET_NAME)";
				WRAPPER_EXTENSION = app;
			};
			name = Debug;
		};
		514AB1A71A0A67D60030B06A /* Release */ = {
			isa = XCBuildConfiguration;
			buildSettings = {
				ASSETCATALOG_COMPILER_APPICON_NAME = AppIcon;
				ASSETCATALOG_COMPILER_LAUNCHIMAGE_NAME = LaunchImage;
				GCC_PRECOMPILE_PREFIX_HEADER = YES;
				GCC_PREFIX_HEADER = "mySecondTest/mySecondTest-Prefix.pch";
				INFOPLIST_FILE = "mySecondTest/mySecondTest-Info.plist";
				PRODUCT_NAME = "$(TARGET_NAME)";
				WRAPPER_EXTENSION = app;
			};
			name = Release;
		};
		514AB1A91A0A67D60030B06A /* Debug */ = {
			isa = XCBuildConfiguration;
			buildSettings = {
				BUNDLE_LOADER = "$(BUILT_PRODUCTS_DIR)/mySecondTest.app/mySecondTest";
				FRAMEWORK_SEARCH_PATHS = (
					"$(SDKROOT)/Developer/Library/Frameworks",
					"$(inherited)",
					"$(DEVELOPER_FRAMEWORKS_DIR)",
				);
				GCC_PRECOMPILE_PREFIX_HEADER = YES;
				GCC_PREFIX_HEADER = "mySecondTest/mySecondTest-Prefix.pch";
				GCC_PREPROCESSOR_DEFINITIONS = (
					"DEBUG=1",
					"$(inherited)",
				);
				INFOPLIST_FILE = "mySecondTestTests/mySecondTestTests-Info.plist";
				PRODUCT_NAME = "$(TARGET_NAME)";
				TEST_HOST = "$(BUNDLE_LOADER)";
				WRAPPER_EXTENSION = xctest;
			};
			name = Debug;
		};
		514AB1AA1A0A67D60030B06A /* Release */ = {
			isa = XCBuildConfiguration;
			buildSettings = {
				BUNDLE_LOADER = "$(BUILT_PRODUCTS_DIR)/mySecondTest.app/mySecondTest";
				FRAMEWORK_SEARCH_PATHS = (
					"$(SDKROOT)/Developer/Library/Frameworks",
					"$(inherited)",
					"$(DEVELOPER_FRAMEWORKS_DIR)",
				);
				GCC_PRECOMPILE_PREFIX_HEADER = YES;
				GCC_PREFIX_HEADER = "mySecondTest/mySecondTest-Prefix.pch";
				INFOPLIST_FILE = "mySecondTestTests/mySecondTestTests-Info.plist";
				PRODUCT_NAME = "$(TARGET_NAME)";
				TEST_HOST = "$(BUNDLE_LOADER)";
				WRAPPER_EXTENSION = xctest;
			};
			name = Release;
		};
/* End XCBuildConfiguration section */

/* Begin XCConfigurationList section */
		514AB16E1A0A67D60030B06A /* Build configuration list for PBXProject "mySecondTest" */ = {
			isa = XCConfigurationList;
			buildConfigurations = (
				514AB1A31A0A67D60030B06A /* Debug */,
				514AB1A41A0A67D60030B06A /* Release */,
			);
			defaultConfigurationIsVisible = 0;
			defaultConfigurationName = Release;
		};
		514AB1A51A0A67D60030B06A /* Build configuration list for PBXNativeTarget "mySecondTest" */ = {
			isa = XCConfigurationList;
			buildConfigurations = (
				514AB1A61A0A67D60030B06A /* Debug */,
				514AB1A71A0A67D60030B06A /* Release */,
			);
			defaultConfigurationIsVisible = 0;
		};
		514AB1A81A0A67D60030B06A /* Build configuration list for PBXNativeTarget "mySecondTestTests" */ = {
			isa = XCConfigurationList;
			buildConfigurations = (
				514AB1A91A0A67D60030B06A /* Debug */,
				514AB1AA1A0A67D60030B06A /* Release */,
			);
			defaultConfigurationIsVisible = 0;
		};
/* End XCConfigurationList section */
	};
	rootObject = 514AB16B1A0A67D60030B06A /* Project object */;
}
